<?xml version="1.0" encoding="utf-8"?>
<Project ToolsVersion="4.0" xmlns="http://schemas.microsoft.com/developer/msbuild/2003">
  <ItemGroup>
    <Filter Include="Source Files">
      <UniqueIdentifier>{4FC737F1-C7A5-4376-A066-2A32D752A2FF}</UniqueIdentifier>
      <Extensions>cpp;c;cc;cxx;def;odl;idl;hpj;bat;asm;asmx</Extensions>
    </Filter>
    <Filter Include="Header Files">
      <UniqueIdentifier>{93995380-89BD-4b04-88EB-625FBE52EBFB}</UniqueIdentifier>
      <Extensions>h;hh;hpp;hxx;hm;inl;inc;xsd</Extensions>
    </Filter>
    <Filter Include="Resource Files">
      <UniqueIdentifier>{67DA6AB6-F800-4c08-8B7A-83BB121AAD01}</UniqueIdentifier>
      <Extensions>rc;ico;cur;bmp;dlg;rc2;rct;bin;rgs;gif;jpg;jpeg;jpe;resx;tiff;tif;png;wav;mfcribbon-ms</Extensions>
    </Filter>
    <Filter Include="Header Files\platform">
      <UniqueIdentifier>{30fa7a7f-ea2d-43e2-a50a-9c0794797da4}</UniqueIdentifier>
    </Filter>
    <Filter Include="Source Files\platform">
      <UniqueIdentifier>{7ad24c8a-64cd-4565-bd00-54fe1e3a75f3}</UniqueIdentifier>
    </Filter>
    <Filter Include="Header Files\basic">
      <UniqueIdentifier>{22f279c4-d08c-491c-a896-9ed6b1d08af0}</UniqueIdentifier>
    </Filter>
    <Filter Include="Header Files\object">
      <UniqueIdentifier>{55da82d7-92d5-412d-9519-079c5b95a057}</UniqueIdentifier>
    </Filter>
    <Filter Include="Source Files\object">
      <UniqueIdentifier>{0a7d4e55-3e07-4aa6-9113-8c8d2bafa719}</UniqueIdentifier>
    </Filter>
    <Filter Include="Source Files\basic">
      <UniqueIdentifier>{d12488ff-874c-4dad-9cf2-1c1df1d27ed9}</UniqueIdentifier>
    </Filter>
    <Filter Include="Header Files\object\enemy">
      <UniqueIdentifier>{da5d67d8-80a5-41b5-b18e-fa0b38401534}</UniqueIdentifier>
    </Filter>
    <Filter Include="Source Files\object\enemy">
      <UniqueIdentifier>{35fb0ca4-5a01-4d91-a8db-702ff482b31f}</UniqueIdentifier>
    </Filter>
    <Filter Include="Header Files\object\item">
      <UniqueIdentifier>{a255333b-3431-4f2d-93eb-05103b70754c}</UniqueIdentifier>
    </Filter>
    <Filter Include="Source Files\object\item">
      <UniqueIdentifier>{09e01186-bb50-4d33-a263-7593be1e3b7a}</UniqueIdentifier>
    </Filter>
    <Filter Include="Header Files\object\ground">
      <UniqueIdentifier>{68248c43-e6e5-4620-a205-45de80df8537}</UniqueIdentifier>
    </Filter>
    <Filter Include="Source Files\object\ground">
      <UniqueIdentifier>{90bc86da-98c1-4e39-af63-26da84faa608}</UniqueIdentifier>
    </Filter>
    <Filter Include="Header Files\object\weapon">
      <UniqueIdentifier>{90fa2171-e041-4706-aace-4e23bb6cd5fb}</UniqueIdentifier>
    </Filter>
    <Filter Include="Source Files\object\weapon">
      <UniqueIdentifier>{89cfc51b-9eec-4091-9dda-c7b9c8b5e7b0}</UniqueIdentifier>
    </Filter>
    <Filter Include="Header Files\object\weapon\player bullet">
      <UniqueIdentifier>{a0c59b13-f438-4246-a788-4e8d1987d835}</UniqueIdentifier>
    </Filter>
    <Filter Include="Source Files\object\weapon\player bullet">
      <UniqueIdentifier>{d80e079a-02d5-4981-8a3a-764f08013fc0}</UniqueIdentifier>
    </Filter>
  </ItemGroup>
  <ItemGroup>
    <ClInclude Include="world_test.h">
      <Filter>Header Files</Filter>
    </ClInclude>
    <ClInclude Include="CCamera.h">
      <Filter>Header Files\platform</Filter>
    </ClInclude>
    <ClInclude Include="CGame.h">
      <Filter>Header Files\platform</Filter>
    </ClInclude>
    <ClInclude Include="CSprite.h">
      <Filter>Header Files\platform</Filter>
    </ClInclude>
    <ClInclude Include="CTexture.h">
      <Filter>Header Files\platform</Filter>
    </ClInclude>
    <ClInclude Include="CPhysical.h">
      <Filter>Header Files\basic</Filter>
    </ClInclude>
    <ClInclude Include="Global.h">
      <Filter>Header Files\platform</Filter>
    </ClInclude>
    <ClInclude Include="CObject.h">
      <Filter>Header Files\basic</Filter>
    </ClInclude>
    <ClInclude Include="Utils.h">
      <Filter>Header Files\platform</Filter>
    </ClInclude>
    <ClInclude Include="CResourcesManager.h">
      <Filter>Header Files\basic</Filter>
    </ClInclude>
    <ClInclude Include="CBill.h">
      <Filter>Header Files\object</Filter>
    </ClInclude>
    <ClInclude Include="IMovableObject.h">
      <Filter>Header Files\basic</Filter>
    </ClInclude>
    <ClInclude Include="CBackground.h">
      <Filter>Header Files\basic</Filter>
    </ClInclude>
    <ClInclude Include="CEnemy.h">
      <Filter>Header Files\basic</Filter>
    </ClInclude>
    <ClInclude Include="CBullet.h">
      <Filter>Header Files\object\weapon</Filter>
    </ClInclude>
    <ClInclude Include="Config.h">
      <Filter>Header Files\basic</Filter>
    </ClInclude>
    <ClInclude Include="CFBullet.h">
      <Filter>Header Files\object\weapon\player bullet</Filter>
    </ClInclude>
    <ClInclude Include="CMBullet.h">
      <Filter>Header Files\object\weapon\player bullet</Filter>
    </ClInclude>
    <ClInclude Include="CNBullet.h">
      <Filter>Header Files\object\weapon\player bullet</Filter>
    </ClInclude>
    <ClInclude Include="CSBullet.h">
      <Filter>Header Files\object\weapon\player bullet</Filter>
    </ClInclude>
    <ClInclude Include="CLBullet.h">
      <Filter>Header Files\object\weapon\player bullet</Filter>
    </ClInclude>
    <ClInclude Include="CWaeponFactory.h">
      <Filter>Header Files\object\weapon</Filter>
    </ClInclude>
    <ClInclude Include="CPlayerWaepon.h">
      <Filter>Header Files\object\weapon</Filter>
    </ClInclude>
  </ItemGroup>
  <ItemGroup>
    <ClCompile Include="win_main.cpp">
      <Filter>Source Files</Filter>
    </ClCompile>
    <ClCompile Include="world_test.cpp">
      <Filter>Source Files</Filter>
    </ClCompile>
    <ClCompile Include="CCamera.cpp">
      <Filter>Source Files\platform</Filter>
    </ClCompile>
    <ClCompile Include="CGame.cpp">
      <Filter>Source Files\platform</Filter>
    </ClCompile>
    <ClCompile Include="CSprite.cpp">
      <Filter>Source Files\platform</Filter>
    </ClCompile>
    <ClCompile Include="CTexture.cpp">
      <Filter>Source Files\platform</Filter>
    </ClCompile>
    <ClCompile Include="CPhysical.cpp">
      <Filter>Source Files\basic</Filter>
    </ClCompile>
    <ClCompile Include="Global.cpp">
      <Filter>Source Files\platform</Filter>
    </ClCompile>
    <ClCompile Include="Utils.cpp">
      <Filter>Source Files\platform</Filter>
    </ClCompile>
    <ClCompile Include="CResourcesManager.cpp">
      <Filter>Source Files\basic</Filter>
    </ClCompile>
    <ClCompile Include="CBill.cpp">
      <Filter>Source Files\object</Filter>
    </ClCompile>
    <ClCompile Include="CBackground.cpp">
      <Filter>Source Files\basic</Filter>
    </ClCompile>
    <ClCompile Include="CBullet.cpp">
      <Filter>Source Files\object\weapon</Filter>
    </ClCompile>
    <ClCompile Include="CFBullet.cpp">
      <Filter>Source Files\object\weapon\player bullet</Filter>
    </ClCompile>
    <ClCompile Include="CLBullet.cpp">
      <Filter>Source Files\object\weapon\player bullet</Filter>
    </ClCompile>
    <ClCompile Include="CMBullet.cpp">
      <Filter>Source Files\object\weapon\player bullet</Filter>
    </ClCompile>
    <ClCompile Include="CNBullet.cpp">
      <Filter>Source Files\object\weapon\player bullet</Filter>
    </ClCompile>
    <ClCompile Include="CSBullet.cpp">
      <Filter>Source Files\object\weapon\player bullet</Filter>
    </ClCompile>
    <ClCompile Include="CWaeponFactory.cpp">
      <Filter>Source Files\object\weapon</Filter>
    </ClCompile>
    <ClCompile Include="CPlayerWaepon.cpp">
      <Filter>Source Files\object\weapon</Filter>
    </ClCompile>
  </ItemGroup>
</Project>